
Microsoft Visual Studio Solution File, Format Version 12.00
# Visual Studio Version 17
VisualStudioVersion = 17.0.31903.59
MinimumVisualStudioVersion = 10.0.40219.1
Project("{2150E333-8FDC-42A3-9474-1A3956D46DE8}") = "src", "src", "{827E0CD3-B72D-47B6-A68D-7590B98EB39B}"
EndProject
Project("{FAE04EC0-301F-11D3-BF4B-00C04F79EFBC}") = "Antro.Domain", "src\Antro.Domain\Antro.Domain.csproj", "{8C91B755-114C-4B72-843D-5E29430A098C}"
EndProject
Project("{FAE04EC0-301F-11D3-BF4B-00C04F79EFBC}") = "Antro.Application", "src\Antro.Application\Antro.Application.csproj", "{4CE9F8EB-3151-461E-942F-1736879E54D3}"
EndProject
Project("{FAE04EC0-301F-11D3-BF4B-00C04F79EFBC}") = "Antro.Content.Moscow2026", "src\Antro.Content.Moscow2026\Antro.Content.Moscow2026.csproj", "{AE1AA841-FE76-481A-8B53-A531C7DD764A}"
EndProject
Project("{FAE04EC0-301F-11D3-BF4B-00C04F79EFBC}") = "Antro.Web", "src\Antro.Web\Antro.Web.csproj", "{D497B66F-E93C-488D-A9A5-CBB553B22EA8}"
EndProject
Project("{2150E333-8FDC-42A3-9474-1A3956D46DE8}") = "tests", "tests", "{0AB3BF05-4346-4AA6-1389-037BE0695223}"
EndProject
Project("{FAE04EC0-301F-11D3-BF4B-00C04F79EFBC}") = "Antro.Domain.Tests", "tests\Antro.Domain.Tests\Antro.Domain.Tests.csproj", "{6CC5F442-F19C-4727-946A-995407250A13}"
EndProject
Project("{FAE04EC0-301F-11D3-BF4B-00C04F79EFBC}") = "Antro.Application.Tests", "tests\Antro.Application.Tests\Antro.Application.Tests.csproj", "{AC5619BC-B205-4F1E-AF30-AE0C21E0E73C}"
EndProject
Project("{FAE04EC0-301F-11D3-BF4B-00C04F79EFBC}") = "Antro.Content.Tests", "tests\Antro.Content.Tests\Antro.Content.Tests.csproj", "{FC3AA15E-8447-4B62-A9AD-D664F0DA99A2}"
EndProject
Global
	GlobalSection(SolutionConfigurationPlatforms) = preSolution
		Debug|Any CPU = Debug|Any CPU
		Debug|x64 = Debug|x64
		Debug|x86 = Debug|x86
		Release|Any CPU = Release|Any CPU
		Release|x64 = Release|x64
		Release|x86 = Release|x86
	EndGlobalSection
	GlobalSection(ProjectConfigurationPlatforms) = postSolution
		{8C91B755-114C-4B72-843D-5E29430A098C}.Debug|Any CPU.ActiveCfg = Debug|Any CPU
		{8C91B755-114C-4B72-843D-5E29430A098C}.Debug|Any CPU.Build.0 = Debug|Any CPU
		{8C91B755-114C-4B72-843D-5E29430A098C}.Debug|x64.ActiveCfg = Debug|Any CPU
		{8C91B755-114C-4B72-843D-5E29430A098C}.Debug|x64.Build.0 = Debug|Any CPU
		{8C91B755-114C-4B72-843D-5E29430A098C}.Debug|x86.ActiveCfg = Debug|Any CPU
		{8C91B755-114C-4B72-843D-5E29430A098C}.Debug|x86.Build.0 = Debug|Any CPU
		{8C91B755-114C-4B72-843D-5E29430A098C}.Release|Any CPU.ActiveCfg = Release|Any CPU
		{8C91B755-114C-4B72-843D-5E29430A098C}.Release|Any CPU.Build.0 = Release|Any CPU
		{8C91B755-114C-4B72-843D-5E29430A098C}.Release|x64.ActiveCfg = Release|Any CPU
		{8C91B755-114C-4B72-843D-5E29430A098C}.Release|x64.Build.0 = Release|Any CPU
		{8C91B755-114C-4B72-843D-5E29430A098C}.Release|x86.ActiveCfg = Release|Any CPU
		{8C91B755-114C-4B72-843D-5E29430A098C}.Release|x86.Build.0 = Release|Any CPU
		{4CE9F8EB-3151-461E-942F-1736879E54D3}.Debug|Any CPU.ActiveCfg = Debug|Any CPU
		{4CE9F8EB-3151-461E-942F-1736879E54D3}.Debug|Any CPU.Build.0 = Debug|Any CPU
		{4CE9F8EB-3151-461E-942F-1736879E54D3}.Debug|x64.ActiveCfg = Debug|Any CPU
		{4CE9F8EB-3151-461E-942F-1736879E54D3}.Debug|x64.Build.0 = Debug|Any CPU
		{4CE9F8EB-3151-461E-942F-1736879E54D3}.Debug|x86.ActiveCfg = Debug|Any CPU
		{4CE9F8EB-3151-461E-942F-1736879E54D3}.Debug|x86.Build.0 = Debug|Any CPU
		{4CE9F8EB-3151-461E-942F-1736879E54D3}.Release|Any CPU.ActiveCfg = Release|Any CPU
		{4CE9F8EB-3151-461E-942F-1736879E54D3}.Release|Any CPU.Build.0 = Release|Any CPU
		{4CE9F8EB-3151-461E-942F-1736879E54D3}.Release|x64.ActiveCfg = Release|Any CPU
		{4CE9F8EB-3151-461E-942F-1736879E54D3}.Release|x64.Build.0 = Release|Any CPU
		{4CE9F8EB-3151-461E-942F-1736879E54D3}.Release|x86.ActiveCfg = Release|Any CPU
		{4CE9F8EB-3151-461E-942F-1736879E54D3}.Release|x86.Build.0 = Release|Any CPU
		{AE1AA841-FE76-481A-8B53-A531C7DD764A}.Debug|Any CPU.ActiveCfg = Debug|Any CPU
		{AE1AA841-FE76-481A-8B53-A531C7DD764A}.Debug|Any CPU.Build.0 = Debug|Any CPU
		{AE1AA841-FE76-481A-8B53-A531C7DD764A}.Debug|x64.ActiveCfg = Debug|Any CPU
		{AE1AA841-FE76-481A-8B53-A531C7DD764A}.Debug|x64.Build.0 = Debug|Any CPU
		{AE1AA841-FE76-481A-8B53-A531C7DD764A}.Debug|x86.ActiveCfg = Debug|Any CPU
		{AE1AA841-FE76-481A-8B53-A531C7DD764A}.Debug|x86.Build.0 = Debug|Any CPU
		{AE1AA841-FE76-481A-8B53-A531C7DD764A}.Release|Any CPU.ActiveCfg = Release|Any CPU
		{AE1AA841-FE76-481A-8B53-A531C7DD764A}.Release|Any CPU.Build.0 = Release|Any CPU
		{AE1AA841-FE76-481A-8B53-A531C7DD764A}.Release|x64.ActiveCfg = Release|Any CPU
		{AE1AA841-FE76-481A-8B53-A531C7DD764A}.Release|x64.Build.0 = Release|Any CPU
		{AE1AA841-FE76-481A-8B53-A531C7DD764A}.Release|x86.ActiveCfg = Release|Any CPU
		{AE1AA841-FE76-481A-8B53-A531C7DD764A}.Release|x86.Build.0 = Release|Any CPU
		{D497B66F-E93C-488D-A9A5-CBB553B22EA8}.Debug|Any CPU.ActiveCfg = Debug|Any CPU
		{D497B66F-E93C-488D-A9A5-CBB553B22EA8}.Debug|Any CPU.Build.0 = Debug|Any CPU
		{D497B66F-E93C-488D-A9A5-CBB553B22EA8}.Debug|x64.ActiveCfg = Debug|Any CPU
		{D497B66F-E93C-488D-A9A5-CBB553B22EA8}.Debug|x64.Build.0 = Debug|Any CPU
		{D497B66F-E93C-488D-A9A5-CBB553B22EA8}.Debug|x86.ActiveCfg = Debug|Any CPU
		{D497B66F-E93C-488D-A9A5-CBB553B22EA8}.Debug|x86.Build.0 = Debug|Any CPU
		{D497B66F-E93C-488D-A9A5-CBB553B22EA8}.Release|Any CPU.ActiveCfg = Release|Any CPU
		{D497B66F-E93C-488D-A9A5-CBB553B22EA8}.Release|Any CPU.Build.0 = Release|Any CPU
		{D497B66F-E93C-488D-A9A5-CBB553B22EA8}.Release|x64.ActiveCfg = Release|Any CPU
		{D497B66F-E93C-488D-A9A5-CBB553B22EA8}.Release|x64.Build.0 = Release|Any CPU
		{D497B66F-E93C-488D-A9A5-CBB553B22EA8}.Release|x86.ActiveCfg = Release|Any CPU
		{D497B66F-E93C-488D-A9A5-CBB553B22EA8}.Release|x86.Build.0 = Release|Any CPU
		{6CC5F442-F19C-4727-946A-995407250A13}.Debug|Any CPU.ActiveCfg = Debug|Any CPU
		{6CC5F442-F19C-4727-946A-995407250A13}.Debug|Any CPU.Build.0 = Debug|Any CPU
		{6CC5F442-F19C-4727-946A-995407250A13}.Debug|x64.ActiveCfg = Debug|Any CPU
		{6CC5F442-F19C-4727-946A-995407250A13}.Debug|x64.Build.0 = Debug|Any CPU
		{6CC5F442-F19C-4727-946A-995407250A13}.Debug|x86.ActiveCfg = Debug|Any CPU
		{6CC5F442-F19C-4727-946A-995407250A13}.Debug|x86.Build.0 = Debug|Any CPU
		{6CC5F442-F19C-4727-946A-995407250A13}.Release|Any CPU.ActiveCfg = Release|Any CPU
		{6CC5F442-F19C-4727-946A-995407250A13}.Release|Any CPU.Build.0 = Release|Any CPU
		{6CC5F442-F19C-4727-946A-995407250A13}.Release|x64.ActiveCfg = Release|Any CPU
		{6CC5F442-F19C-4727-946A-995407250A13}.Release|x64.Build.0 = Release|Any CPU
		{6CC5F442-F19C-4727-946A-995407250A13}.Release|x86.ActiveCfg = Release|Any CPU
		{6CC5F442-F19C-4727-946A-995407250A13}.Release|x86.Build.0 = Release|Any CPU
		{AC5619BC-B205-4F1E-AF30-AE0C21E0E73C}.Debug|Any CPU.ActiveCfg = Debug|Any CPU
		{AC5619BC-B205-4F1E-AF30-AE0C21E0E73C}.Debug|Any CPU.Build.0 = Debug|Any CPU
		{AC5619BC-B205-4F1E-AF30-AE0C21E0E73C}.Debug|x64.ActiveCfg = Debug|Any CPU
		{AC5619BC-B205-4F1E-AF30-AE0C21E0E73C}.Debug|x64.Build.0 = Debug|Any CPU
		{AC5619BC-B205-4F1E-AF30-AE0C21E0E73C}.Debug|x86.ActiveCfg = Debug|Any CPU
		{AC5619BC-B205-4F1E-AF30-AE0C21E0E73C}.Debug|x86.Build.0 = Debug|Any CPU
		{AC5619BC-B205-4F1E-AF30-AE0C21E0E73C}.Release|Any CPU.ActiveCfg = Release|Any CPU
		{AC5619BC-B205-4F1E-AF30-AE0C21E0E73C}.Release|Any CPU.Build.0 = Release|Any CPU
		{AC5619BC-B205-4F1E-AF30-AE0C21E0E73C}.Release|x64.ActiveCfg = Release|Any CPU
		{AC5619BC-B205-4F1E-AF30-AE0C21E0E73C}.Release|x64.Build.0 = Release|Any CPU
		{AC5619BC-B205-4F1E-AF30-AE0C21E0E73C}.Release|x86.ActiveCfg = Release|Any CPU
		{AC5619BC-B205-4F1E-AF30-AE0C21E0E73C}.Release|x86.Build.0 = Release|Any CPU
		{FC3AA15E-8447-4B62-A9AD-D664F0DA99A2}.Debug|Any CPU.ActiveCfg = Debug|Any CPU
		{FC3AA15E-8447-4B62-A9AD-D664F0DA99A2}.Debug|Any CPU.Build.0 = Debug|Any CPU
		{FC3AA15E-8447-4B62-A9AD-D664F0DA99A2}.Debug|x64.ActiveCfg = Debug|Any CPU
		{FC3AA15E-8447-4B62-A9AD-D664F0DA99A2}.Debug|x64.Build.0 = Debug|Any CPU
		{FC3AA15E-8447-4B62-A9AD-D664F0DA99A2}.Debug|x86.ActiveCfg = Debug|Any CPU
		{FC3AA15E-8447-4B62-A9AD-D664F0DA99A2}.Debug|x86.Build.0 = Debug|Any CPU
		{FC3AA15E-8447-4B62-A9AD-D664F0DA99A2}.Release|Any CPU.ActiveCfg = Release|Any CPU
		{FC3AA15E-8447-4B62-A9AD-D664F0DA99A2}.Release|Any CPU.Build.0 = Release|Any CPU
		{FC3AA15E-8447-4B62-A9AD-D664F0DA99A2}.Release|x64.ActiveCfg = Release|Any CPU
		{FC3AA15E-8447-4B62-A9AD-D664F0DA99A2}.Release|x64.Build.0 = Release|Any CPU
		{FC3AA15E-8447-4B62-A9AD-D664F0DA99A2}.Release|x86.ActiveCfg = Release|Any CPU
		{FC3AA15E-8447-4B62-A9AD-D664F0DA99A2}.Release|x86.Build.0 = Release|Any CPU
	EndGlobalSection
	GlobalSection(SolutionProperties) = preSolution
		HideSolutionNode = FALSE
	EndGlobalSection
	GlobalSection(NestedProjects) = preSolution
		{8C91B755-114C-4B72-843D-5E29430A098C} = {827E0CD3-B72D-47B6-A68D-7590B98EB39B}
		{4CE9F8EB-3151-461E-942F-1736879E54D3} = {827E0CD3-B72D-47B6-A68D-7590B98EB39B}
		{AE1AA841-FE76-481A-8B53-A531C7DD764A} = {827E0CD3-B72D-47B6-A68D-7590B98EB39B}
		{D497B66F-E93C-488D-A9A5-CBB553B22EA8} = {827E0CD3-B72D-47B6-A68D-7590B98EB39B}
		{6CC5F442-F19C-4727-946A-995407250A13} = {0AB3BF05-4346-4AA6-1389-037BE0695223}
		{AC5619BC-B205-4F1E-AF30-AE0C21E0E73C} = {0AB3BF05-4346-4AA6-1389-037BE0695223}
		{FC3AA15E-8447-4B62-A9AD-D664F0DA99A2} = {0AB3BF05-4346-4AA6-1389-037BE0695223}
	EndGlobalSection
EndGlobal
